[[package]]
name = "aiofiles"
version = "0.7.0"
description = "File support for asyncio."
category = "main"
optional = false
python-versions = ">=3.6,<4.0"

[[package]]
name = "dbus-python"
version = "1.2.16"
description = "Python bindings for libdbus"
category = "main"
optional = false
python-versions = "*"

[[package]]
name = "pulsectl"
version = "21.9.1"
description = "Python high-level interface and ctypes-based bindings for PulseAudio (libpulse)"
category = "main"
optional = false
python-versions = "*"

[metadata]
lock-version = "1.1"
python-versions = "^3.9"
content-hash = "647782182a4b98ee08626ef0d2d6101df00cd95c69ff87acd5be991fe0602665"

[metadata.files]
aiofiles = [
    {file = "aiofiles-0.7.0-py3-none-any.whl", hash = "sha256:c67a6823b5f23fcab0a2595a289cec7d8c863ffcb4322fb8cd6b90400aedfdbc"},
    {file = "aiofiles-0.7.0.tar.gz", hash = "sha256:a1c4fc9b2ff81568c83e21392a82f344ea9d23da906e4f6a52662764545e19d4"},
]
dbus-python = [
    {file = "dbus-python-1.2.16.tar.gz", hash = "sha256:11238f1d86c995d8aed2e22f04a1e3779f0d70e587caffeab4857f3c662ed5a4"},
]
pulsectl = [
    {file = "pulsectl-21.9.1-py2.py3-none-any.whl", hash = "sha256:594cf0eab87c9e1e8e348e9227e28b83c2f083b1c94395511403de33eecffc56"},
    {file = "pulsectl-21.9.1.tar.gz", hash = "sha256:8eef4dbfc97d984e63fd609a3f690d005173ec5342be88d10f67dd507affdf32"},
]
